
Microsoft Visual Studio Solution File, Format Version 12.00
# Visual Studio 2012
Project("{8BC9CEB8-8B4A-11D0-8D11-00A0C91BC942}") = "Question4", "Question4\Question4.vcxproj", "{7990DF83-9627-4AAC-BE54-C1678D808A8A}"
EndProject
Global
	GlobalSection(SolutionConfigurationPlatforms) = preSolution
		Debug|Win32 = Debug|Win32
		Release|Win32 = Release|Win32
	EndGlobalSection
	GlobalSection(ProjectConfigurationPlatforms) = postSolution
		{7990DF83-9627-4AAC-BE54-C1678D808A8A}.Debug|Win32.ActiveCfg = Debug|Win32
		{7990DF83-9627-4AAC-BE54-C1678D808A8A}.Debug|Win32.Build.0 = Debug|Win32
		{7990DF83-9627-4AAC-BE54-C1678D808A8A}.Release|Win32.ActiveCfg = Release|Win32
		{7990DF83-9627-4AAC-BE54-C1678D808A8A}.Release|Win32.Build.0 = Release|Win32
	EndGlobalSection
	GlobalSection(SolutionProperties) = preSolution
		HideSolutionNode = FALSE
	EndGlobalSection
EndGlobal
